
Microsoft Visual Studio Solution File, Format Version 12.00
# Visual Studio Version 17
VisualStudioVersion = 17.0.31903.59
MinimumVisualStudioVersion = 10.0.40219.1
Project("{2150E333-8FDC-42A3-9474-1A3956D46DE8}") = "src", "src", "{827E0CD3-B72D-47B6-A68D-7590B98EB39B}"
EndProject
Project("{FAE04EC0-301F-11D3-BF4B-00C04F79EFBC}") = "ModuliX.API", "src\ModuliX.API\ModuliX.API.csproj", "{A835DFF0-73FC-4353-AD85-620020AC594E}"
EndProject
Project("{FAE04EC0-301F-11D3-BF4B-00C04F79EFBC}") = "ModuliX.Infrastructure", "src\ModuliX.Infrastructure\ModuliX.Infrastructure.csproj", "{A835DFF0-73FC-4353-AD85-620020AC595E}"
EndProject
Project("{FAE04EC0-301F-11D3-BF4B-00C04F79EFBC}") = "ModuliX.Gateway", "src\ModuliX.Gateway\ModuliX.Gateway.csproj", "{E1D94210-B5F1-44C5-98FB-EF1DE75B44E5}"
EndProject
Project("{FAE04EC0-301F-11D3-BF4B-00C04F79EFBC}") = "ModuliX.Host", "src\ModuliX.Host\ModuliX.Host.csproj", "{4B903354-7C1A-4354-9A38-1DD083AC8CD8}"
EndProject
Project("{FAE04EC0-301F-11D3-BF4B-00C04F79EFBC}") = "ModuliX.SharedKernel", "src\ModuliX.SharedKernel\ModuliX.SharedKernel.csproj", "{33AF432D-5EB4-456A-B85B-AAA286C32122}"
EndProject
Project("{FAE04EC0-301F-11D3-BF4B-00C04F79EFBC}") = "ModuliX.BuildingBlocks", "src\ModuliX.BuildingBlocks\ModuliX.BuildingBlocks.csproj", "{2E004F26-B49E-4B60-87ED-54A0FC8D4370}"
EndProject
Project("{2150E333-8FDC-42A3-9474-1A3956D46DE8}") = "Modules", "Modules", "{EC447DCF-ABFA-6E24-52A5-D7FD48A5C558}"
EndProject
Project("{2150E333-8FDC-42A3-9474-1A3956D46DE8}") = "Authentication", "Authentication", "{E9D55F35-C373-3DD8-6914-3213F2F582A2}"
EndProject
Project("{FAE04EC0-301F-11D3-BF4B-00C04F79EFBC}") = "ModuliX.Authentication.API", "src\Modules\Authentication\ModuliX.Authentication.API\ModuliX.Authentication.API.csproj", "{C56F37DD-CA77-453B-B30E-EED0862D2AE3}"
EndProject
Project("{FAE04EC0-301F-11D3-BF4B-00C04F79EFBC}") = "ModuliX.Authentication.Application", "src\Modules\Authentication\ModuliX.Authentication.Application\ModuliX.Authentication.Application.csproj", "{721A3DF5-8F42-41E5-B0EE-FF7D56E13A8C}"
EndProject
Project("{FAE04EC0-301F-11D3-BF4B-00C04F79EFBC}") = "ModuliX.Authentication.Infrastructure", "src\Modules\Authentication\ModuliX.Authentication.Infrastructure\ModuliX.Authentication.Infrastructure.csproj", "{ABF86316-A75E-4F8B-90DE-4D3922A013DB}"
EndProject
Project("{2150E333-8FDC-42A3-9474-1A3956D46DE8}") = "Identity", "Identity", "{0EC62A1A-9858-3A60-8A0C-FC9AACFA2EC7}"
EndProject
Project("{FAE04EC0-301F-11D3-BF4B-00C04F79EFBC}") = "ModuliX.Identity.API", "src\Modules\Identity\ModuliX.Identity.API\ModuliX.Identity.API.csproj", "{8DDF7F4C-EE53-4DD0-BDDB-518403D1D282}"
EndProject
Project("{FAE04EC0-301F-11D3-BF4B-00C04F79EFBC}") = "ModuliX.Identity.Application", "src\Modules\Identity\ModuliX.Identity.Application\ModuliX.Identity.Application.csproj", "{34254C92-0D25-4EE4-80ED-3E848AB6EB20}"
EndProject
Project("{FAE04EC0-301F-11D3-BF4B-00C04F79EFBC}") = "ModuliX.Identity.Domain", "src\Modules\Identity\ModuliX.Identity.Domain\ModuliX.Identity.Domain.csproj", "{F6461D39-B20E-4C85-8F54-997C838872E9}"
EndProject
Project("{FAE04EC0-301F-11D3-BF4B-00C04F79EFBC}") = "ModuliX.Identity.Infrastructure", "src\Modules\Identity\ModuliX.Identity.Infrastructure\ModuliX.Identity.Infrastructure.csproj", "{F1C7B873-3830-40FD-8666-11AFBECDE1D4}"
EndProject
Project("{FAE04EC0-301F-11D3-BF4B-00C04F79EFBC}") = "ModuliX.Identity.Persistence", "src\Modules\Identity\ModuliX.Identity.Persistence\ModuliX.Identity.Persistence.csproj", "{FECB7F5A-3C81-42E6-A448-5D35DF936F26}"
EndProject
Project("{2150E333-8FDC-42A3-9474-1A3956D46DE8}") = "UserManagementSystem", "UserManagementSystem", "{9D973994-EF44-3398-7459-22935A3530AC}"
EndProject
Project("{FAE04EC0-301F-11D3-BF4B-00C04F79EFBC}") = "ModuliX.UserManagementSystem.API", "src\Modules\UserManagementSystem\ModuliX.UserManagementSystem.API\ModuliX.UserManagementSystem.API.csproj", "{7DD81EF5-6BAF-49FA-BB10-092A0BA8AF57}"
EndProject
Project("{FAE04EC0-301F-11D3-BF4B-00C04F79EFBC}") = "ModuliX.UserManagementSystem.Application", "src\Modules\UserManagementSystem\ModuliX.UserManagementSystem.Application\ModuliX.UserManagementSystem.Application.csproj", "{C6E3A15E-0FAC-4B2E-9F69-F70937F54929}"
EndProject
Project("{FAE04EC0-301F-11D3-BF4B-00C04F79EFBC}") = "ModuliX.UserManagementSystem.Infrastructure", "src\Modules\UserManagementSystem\ModuliX.UserManagementSystem.Infrastructure\ModuliX.UserManagementSystem.Infrastructure.csproj", "{86B11A5F-B3F4-44C2-9787-7ACA4B61FB25}"
EndProject
Project("{2150E333-8FDC-42A3-9474-1A3956D46DE8}") = "tests", "tests", "{0AB3BF05-4346-4AA6-1389-037BE0695223}"
EndProject
Project("{FAE04EC0-301F-11D3-BF4B-00C04F79EFBC}") = "ModuliX.ArchitectureTests", "tests\ModuliX.ArchitectureTests\ModuliX.ArchitectureTests.csproj", "{C9C4EF75-B239-448E-9F7A-DDC4802FAF23}"
EndProject
Project("{2150E333-8FDC-42A3-9474-1A3956D46DE8}") = "ContextManagementSystem", "ContextManagementSystem", "{DA86F2F4-AF0B-0473-D65F-CC75E97351B1}"
EndProject
Project("{FAE04EC0-301F-11D3-BF4B-00C04F79EFBC}") = "ModuliX.CxMS.Application", "src\Modules\ContextManagementSystem\ModuliX.CxMS.Application\ModuliX.CxMS.Application.csproj", "{43A417EB-5B63-44DB-A2BF-5C45C0CB6F3E}"
EndProject
Project("{FAE04EC0-301F-11D3-BF4B-00C04F79EFBC}") = "ModuliX.CxMS.Domain", "src\Modules\ContextManagementSystem\ModuliX.CxMS.Domain\ModuliX.CxMS.Domain.csproj", "{1B222F64-1727-4BEC-B7A6-424A4B06558E}"
EndProject
Project("{FAE04EC0-301F-11D3-BF4B-00C04F79EFBC}") = "ModuliX.CxMS.Infrastructure", "src\Modules\ContextManagementSystem\ModuliX.CxMS.Infrastructure\ModuliX.CxMS.Infrastructure.csproj", "{051EFA00-0CB8-4C72-8C40-A9ECC46A9FEE}"
EndProject
Project("{FAE04EC0-301F-11D3-BF4B-00C04F79EFBC}") = "ModuliX.CxMS.Persistence", "src\Modules\ContextManagementSystem\ModuliX.CxMS.Persistence\ModuliX.CxMS.Persistence.csproj", "{D3C0C703-0731-4BC1-BB40-DC48265119BC}"
EndProject
Project("{FAE04EC0-301F-11D3-BF4B-00C04F79EFBC}") = "ModuliX.CxMS.API", "src\Modules\ContextManagementSystem\ModuliX.CxMS.API\ModuliX.CxMS.API.csproj", "{F15661F5-C3A7-4254-BC5A-B7F36D1D4781}"
EndProject
Global
	GlobalSection(SolutionConfigurationPlatforms) = preSolution
		Debug|Any CPU = Debug|Any CPU
		Debug|x64 = Debug|x64
		Debug|x86 = Debug|x86
		Release|Any CPU = Release|Any CPU
		Release|x64 = Release|x64
		Release|x86 = Release|x86
	EndGlobalSection
	GlobalSection(ProjectConfigurationPlatforms) = postSolution
		{A835DFF0-73FC-4353-AD85-620020AC594E}.Debug|Any CPU.ActiveCfg = Debug|Any CPU
		{A835DFF0-73FC-4353-AD85-620020AC594E}.Debug|Any CPU.Build.0 = Debug|Any CPU
		{A835DFF0-73FC-4353-AD85-620020AC594E}.Debug|x64.ActiveCfg = Debug|Any CPU
		{A835DFF0-73FC-4353-AD85-620020AC594E}.Debug|x64.Build.0 = Debug|Any CPU
		{A835DFF0-73FC-4353-AD85-620020AC594E}.Debug|x86.ActiveCfg = Debug|Any CPU
		{A835DFF0-73FC-4353-AD85-620020AC594E}.Debug|x86.Build.0 = Debug|Any CPU
		{A835DFF0-73FC-4353-AD85-620020AC594E}.Release|Any CPU.ActiveCfg = Release|Any CPU
		{A835DFF0-73FC-4353-AD85-620020AC594E}.Release|Any CPU.Build.0 = Release|Any CPU
		{A835DFF0-73FC-4353-AD85-620020AC594E}.Release|x64.ActiveCfg = Release|Any CPU
		{A835DFF0-73FC-4353-AD85-620020AC594E}.Release|x64.Build.0 = Release|Any CPU
		{A835DFF0-73FC-4353-AD85-620020AC594E}.Release|x86.ActiveCfg = Release|Any CPU
		{A835DFF0-73FC-4353-AD85-620020AC594E}.Release|x86.Build.0 = Release|Any CPU
		{E1D94210-B5F1-44C5-98FB-EF1DE75B44E5}.Debug|Any CPU.ActiveCfg = Debug|Any CPU
		{E1D94210-B5F1-44C5-98FB-EF1DE75B44E5}.Debug|Any CPU.Build.0 = Debug|Any CPU
		{E1D94210-B5F1-44C5-98FB-EF1DE75B44E5}.Debug|x64.ActiveCfg = Debug|Any CPU
		{E1D94210-B5F1-44C5-98FB-EF1DE75B44E5}.Debug|x64.Build.0 = Debug|Any CPU
		{E1D94210-B5F1-44C5-98FB-EF1DE75B44E5}.Debug|x86.ActiveCfg = Debug|Any CPU
		{E1D94210-B5F1-44C5-98FB-EF1DE75B44E5}.Debug|x86.Build.0 = Debug|Any CPU
		{E1D94210-B5F1-44C5-98FB-EF1DE75B44E5}.Release|Any CPU.ActiveCfg = Release|Any CPU
		{E1D94210-B5F1-44C5-98FB-EF1DE75B44E5}.Release|Any CPU.Build.0 = Release|Any CPU
		{E1D94210-B5F1-44C5-98FB-EF1DE75B44E5}.Release|x64.ActiveCfg = Release|Any CPU
		{E1D94210-B5F1-44C5-98FB-EF1DE75B44E5}.Release|x64.Build.0 = Release|Any CPU
		{E1D94210-B5F1-44C5-98FB-EF1DE75B44E5}.Release|x86.ActiveCfg = Release|Any CPU
		{E1D94210-B5F1-44C5-98FB-EF1DE75B44E5}.Release|x86.Build.0 = Release|Any CPU
		{4B903354-7C1A-4354-9A38-1DD083AC8CD8}.Debug|Any CPU.ActiveCfg = Debug|Any CPU
		{4B903354-7C1A-4354-9A38-1DD083AC8CD8}.Debug|Any CPU.Build.0 = Debug|Any CPU
		{4B903354-7C1A-4354-9A38-1DD083AC8CD8}.Debug|x64.ActiveCfg = Debug|Any CPU
		{4B903354-7C1A-4354-9A38-1DD083AC8CD8}.Debug|x64.Build.0 = Debug|Any CPU
		{4B903354-7C1A-4354-9A38-1DD083AC8CD8}.Debug|x86.ActiveCfg = Debug|Any CPU
		{4B903354-7C1A-4354-9A38-1DD083AC8CD8}.Debug|x86.Build.0 = Debug|Any CPU
		{4B903354-7C1A-4354-9A38-1DD083AC8CD8}.Release|Any CPU.ActiveCfg = Release|Any CPU
		{4B903354-7C1A-4354-9A38-1DD083AC8CD8}.Release|Any CPU.Build.0 = Release|Any CPU
		{4B903354-7C1A-4354-9A38-1DD083AC8CD8}.Release|x64.ActiveCfg = Release|Any CPU
		{4B903354-7C1A-4354-9A38-1DD083AC8CD8}.Release|x64.Build.0 = Release|Any CPU
		{4B903354-7C1A-4354-9A38-1DD083AC8CD8}.Release|x86.ActiveCfg = Release|Any CPU
		{4B903354-7C1A-4354-9A38-1DD083AC8CD8}.Release|x86.Build.0 = Release|Any CPU
		{33AF432D-5EB4-456A-B85B-AAA286C32122}.Debug|Any CPU.ActiveCfg = Debug|Any CPU
		{33AF432D-5EB4-456A-B85B-AAA286C32122}.Debug|Any CPU.Build.0 = Debug|Any CPU
		{33AF432D-5EB4-456A-B85B-AAA286C32122}.Debug|x64.ActiveCfg = Debug|Any CPU
		{33AF432D-5EB4-456A-B85B-AAA286C32122}.Debug|x64.Build.0 = Debug|Any CPU
		{33AF432D-5EB4-456A-B85B-AAA286C32122}.Debug|x86.ActiveCfg = Debug|Any CPU
		{33AF432D-5EB4-456A-B85B-AAA286C32122}.Debug|x86.Build.0 = Debug|Any CPU
		{33AF432D-5EB4-456A-B85B-AAA286C32122}.Release|Any CPU.ActiveCfg = Release|Any CPU
		{33AF432D-5EB4-456A-B85B-AAA286C32122}.Release|Any CPU.Build.0 = Release|Any CPU
		{33AF432D-5EB4-456A-B85B-AAA286C32122}.Release|x64.ActiveCfg = Release|Any CPU
		{33AF432D-5EB4-456A-B85B-AAA286C32122}.Release|x64.Build.0 = Release|Any CPU
		{33AF432D-5EB4-456A-B85B-AAA286C32122}.Release|x86.ActiveCfg = Release|Any CPU
		{33AF432D-5EB4-456A-B85B-AAA286C32122}.Release|x86.Build.0 = Release|Any CPU
		{2E004F26-B49E-4B60-87ED-54A0FC8D4370}.Debug|Any CPU.ActiveCfg = Debug|Any CPU
		{2E004F26-B49E-4B60-87ED-54A0FC8D4370}.Debug|Any CPU.Build.0 = Debug|Any CPU
		{2E004F26-B49E-4B60-87ED-54A0FC8D4370}.Debug|x64.ActiveCfg = Debug|Any CPU
		{2E004F26-B49E-4B60-87ED-54A0FC8D4370}.Debug|x64.Build.0 = Debug|Any CPU
		{2E004F26-B49E-4B60-87ED-54A0FC8D4370}.Debug|x86.ActiveCfg = Debug|Any CPU
		{2E004F26-B49E-4B60-87ED-54A0FC8D4370}.Debug|x86.Build.0 = Debug|Any CPU
		{2E004F26-B49E-4B60-87ED-54A0FC8D4370}.Release|Any CPU.ActiveCfg = Release|Any CPU
		{2E004F26-B49E-4B60-87ED-54A0FC8D4370}.Release|Any CPU.Build.0 = Release|Any CPU
		{2E004F26-B49E-4B60-87ED-54A0FC8D4370}.Release|x64.ActiveCfg = Release|Any CPU
		{2E004F26-B49E-4B60-87ED-54A0FC8D4370}.Release|x64.Build.0 = Release|Any CPU
		{2E004F26-B49E-4B60-87ED-54A0FC8D4370}.Release|x86.ActiveCfg = Release|Any CPU
		{2E004F26-B49E-4B60-87ED-54A0FC8D4370}.Release|x86.Build.0 = Release|Any CPU
		{C56F37DD-CA77-453B-B30E-EED0862D2AE3}.Debug|Any CPU.ActiveCfg = Debug|Any CPU
		{C56F37DD-CA77-453B-B30E-EED0862D2AE3}.Debug|Any CPU.Build.0 = Debug|Any CPU
		{C56F37DD-CA77-453B-B30E-EED0862D2AE3}.Debug|x64.ActiveCfg = Debug|Any CPU
		{C56F37DD-CA77-453B-B30E-EED0862D2AE3}.Debug|x64.Build.0 = Debug|Any CPU
		{C56F37DD-CA77-453B-B30E-EED0862D2AE3}.Debug|x86.ActiveCfg = Debug|Any CPU
		{C56F37DD-CA77-453B-B30E-EED0862D2AE3}.Debug|x86.Build.0 = Debug|Any CPU
		{C56F37DD-CA77-453B-B30E-EED0862D2AE3}.Release|Any CPU.ActiveCfg = Release|Any CPU
		{C56F37DD-CA77-453B-B30E-EED0862D2AE3}.Release|Any CPU.Build.0 = Release|Any CPU
		{C56F37DD-CA77-453B-B30E-EED0862D2AE3}.Release|x64.ActiveCfg = Release|Any CPU
		{C56F37DD-CA77-453B-B30E-EED0862D2AE3}.Release|x64.Build.0 = Release|Any CPU
		{C56F37DD-CA77-453B-B30E-EED0862D2AE3}.Release|x86.ActiveCfg = Release|Any CPU
		{C56F37DD-CA77-453B-B30E-EED0862D2AE3}.Release|x86.Build.0 = Release|Any CPU
		{721A3DF5-8F42-41E5-B0EE-FF7D56E13A8C}.Debug|Any CPU.ActiveCfg = Debug|Any CPU
		{721A3DF5-8F42-41E5-B0EE-FF7D56E13A8C}.Debug|Any CPU.Build.0 = Debug|Any CPU
		{721A3DF5-8F42-41E5-B0EE-FF7D56E13A8C}.Debug|x64.ActiveCfg = Debug|Any CPU
		{721A3DF5-8F42-41E5-B0EE-FF7D56E13A8C}.Debug|x64.Build.0 = Debug|Any CPU
		{721A3DF5-8F42-41E5-B0EE-FF7D56E13A8C}.Debug|x86.ActiveCfg = Debug|Any CPU
		{721A3DF5-8F42-41E5-B0EE-FF7D56E13A8C}.Debug|x86.Build.0 = Debug|Any CPU
		{721A3DF5-8F42-41E5-B0EE-FF7D56E13A8C}.Release|Any CPU.ActiveCfg = Release|Any CPU
		{721A3DF5-8F42-41E5-B0EE-FF7D56E13A8C}.Release|Any CPU.Build.0 = Release|Any CPU
		{721A3DF5-8F42-41E5-B0EE-FF7D56E13A8C}.Release|x64.ActiveCfg = Release|Any CPU
		{721A3DF5-8F42-41E5-B0EE-FF7D56E13A8C}.Release|x64.Build.0 = Release|Any CPU
		{721A3DF5-8F42-41E5-B0EE-FF7D56E13A8C}.Release|x86.ActiveCfg = Release|Any CPU
		{721A3DF5-8F42-41E5-B0EE-FF7D56E13A8C}.Release|x86.Build.0 = Release|Any CPU
		{ABF86316-A75E-4F8B-90DE-4D3922A013DB}.Debug|Any CPU.ActiveCfg = Debug|Any CPU
		{ABF86316-A75E-4F8B-90DE-4D3922A013DB}.Debug|Any CPU.Build.0 = Debug|Any CPU
		{ABF86316-A75E-4F8B-90DE-4D3922A013DB}.Debug|x64.ActiveCfg = Debug|Any CPU
		{ABF86316-A75E-4F8B-90DE-4D3922A013DB}.Debug|x64.Build.0 = Debug|Any CPU
		{ABF86316-A75E-4F8B-90DE-4D3922A013DB}.Debug|x86.ActiveCfg = Debug|Any CPU
		{ABF86316-A75E-4F8B-90DE-4D3922A013DB}.Debug|x86.Build.0 = Debug|Any CPU
		{ABF86316-A75E-4F8B-90DE-4D3922A013DB}.Release|Any CPU.ActiveCfg = Release|Any CPU
		{ABF86316-A75E-4F8B-90DE-4D3922A013DB}.Release|Any CPU.Build.0 = Release|Any CPU
		{ABF86316-A75E-4F8B-90DE-4D3922A013DB}.Release|x64.ActiveCfg = Release|Any CPU
		{ABF86316-A75E-4F8B-90DE-4D3922A013DB}.Release|x64.Build.0 = Release|Any CPU
		{ABF86316-A75E-4F8B-90DE-4D3922A013DB}.Release|x86.ActiveCfg = Release|Any CPU
		{ABF86316-A75E-4F8B-90DE-4D3922A013DB}.Release|x86.Build.0 = Release|Any CPU
		{8DDF7F4C-EE53-4DD0-BDDB-518403D1D282}.Debug|Any CPU.ActiveCfg = Debug|Any CPU
		{8DDF7F4C-EE53-4DD0-BDDB-518403D1D282}.Debug|Any CPU.Build.0 = Debug|Any CPU
		{8DDF7F4C-EE53-4DD0-BDDB-518403D1D282}.Debug|x64.ActiveCfg = Debug|Any CPU
		{8DDF7F4C-EE53-4DD0-BDDB-518403D1D282}.Debug|x64.Build.0 = Debug|Any CPU
		{8DDF7F4C-EE53-4DD0-BDDB-518403D1D282}.Debug|x86.ActiveCfg = Debug|Any CPU
		{8DDF7F4C-EE53-4DD0-BDDB-518403D1D282}.Debug|x86.Build.0 = Debug|Any CPU
		{8DDF7F4C-EE53-4DD0-BDDB-518403D1D282}.Release|Any CPU.ActiveCfg = Release|Any CPU
		{8DDF7F4C-EE53-4DD0-BDDB-518403D1D282}.Release|Any CPU.Build.0 = Release|Any CPU
		{8DDF7F4C-EE53-4DD0-BDDB-518403D1D282}.Release|x64.ActiveCfg = Release|Any CPU
		{8DDF7F4C-EE53-4DD0-BDDB-518403D1D282}.Release|x64.Build.0 = Release|Any CPU
		{8DDF7F4C-EE53-4DD0-BDDB-518403D1D282}.Release|x86.ActiveCfg = Release|Any CPU
		{8DDF7F4C-EE53-4DD0-BDDB-518403D1D282}.Release|x86.Build.0 = Release|Any CPU
		{34254C92-0D25-4EE4-80ED-3E848AB6EB20}.Debug|Any CPU.ActiveCfg = Debug|Any CPU
		{34254C92-0D25-4EE4-80ED-3E848AB6EB20}.Debug|Any CPU.Build.0 = Debug|Any CPU
		{34254C92-0D25-4EE4-80ED-3E848AB6EB20}.Debug|x64.ActiveCfg = Debug|Any CPU
		{34254C92-0D25-4EE4-80ED-3E848AB6EB20}.Debug|x64.Build.0 = Debug|Any CPU
		{34254C92-0D25-4EE4-80ED-3E848AB6EB20}.Debug|x86.ActiveCfg = Debug|Any CPU
		{34254C92-0D25-4EE4-80ED-3E848AB6EB20}.Debug|x86.Build.0 = Debug|Any CPU
		{34254C92-0D25-4EE4-80ED-3E848AB6EB20}.Release|Any CPU.ActiveCfg = Release|Any CPU
		{34254C92-0D25-4EE4-80ED-3E848AB6EB20}.Release|Any CPU.Build.0 = Release|Any CPU
		{34254C92-0D25-4EE4-80ED-3E848AB6EB20}.Release|x64.ActiveCfg = Release|Any CPU
		{34254C92-0D25-4EE4-80ED-3E848AB6EB20}.Release|x64.Build.0 = Release|Any CPU
		{34254C92-0D25-4EE4-80ED-3E848AB6EB20}.Release|x86.ActiveCfg = Release|Any CPU
		{34254C92-0D25-4EE4-80ED-3E848AB6EB20}.Release|x86.Build.0 = Release|Any CPU
		{F6461D39-B20E-4C85-8F54-997C838872E9}.Debug|Any CPU.ActiveCfg = Debug|Any CPU
		{F6461D39-B20E-4C85-8F54-997C838872E9}.Debug|Any CPU.Build.0 = Debug|Any CPU
		{F6461D39-B20E-4C85-8F54-997C838872E9}.Debug|x64.ActiveCfg = Debug|Any CPU
		{F6461D39-B20E-4C85-8F54-997C838872E9}.Debug|x64.Build.0 = Debug|Any CPU
		{F6461D39-B20E-4C85-8F54-997C838872E9}.Debug|x86.ActiveCfg = Debug|Any CPU
		{F6461D39-B20E-4C85-8F54-997C838872E9}.Debug|x86.Build.0 = Debug|Any CPU
		{F6461D39-B20E-4C85-8F54-997C838872E9}.Release|Any CPU.ActiveCfg = Release|Any CPU
		{F6461D39-B20E-4C85-8F54-997C838872E9}.Release|Any CPU.Build.0 = Release|Any CPU
		{F6461D39-B20E-4C85-8F54-997C838872E9}.Release|x64.ActiveCfg = Release|Any CPU
		{F6461D39-B20E-4C85-8F54-997C838872E9}.Release|x64.Build.0 = Release|Any CPU
		{F6461D39-B20E-4C85-8F54-997C838872E9}.Release|x86.ActiveCfg = Release|Any CPU
		{F6461D39-B20E-4C85-8F54-997C838872E9}.Release|x86.Build.0 = Release|Any CPU
		{F1C7B873-3830-40FD-8666-11AFBECDE1D4}.Debug|Any CPU.ActiveCfg = Debug|Any CPU
		{F1C7B873-3830-40FD-8666-11AFBECDE1D4}.Debug|Any CPU.Build.0 = Debug|Any CPU
		{F1C7B873-3830-40FD-8666-11AFBECDE1D4}.Debug|x64.ActiveCfg = Debug|Any CPU
		{F1C7B873-3830-40FD-8666-11AFBECDE1D4}.Debug|x64.Build.0 = Debug|Any CPU
		{F1C7B873-3830-40FD-8666-11AFBECDE1D4}.Debug|x86.ActiveCfg = Debug|Any CPU
		{F1C7B873-3830-40FD-8666-11AFBECDE1D4}.Debug|x86.Build.0 = Debug|Any CPU
		{F1C7B873-3830-40FD-8666-11AFBECDE1D4}.Release|Any CPU.ActiveCfg = Release|Any CPU
		{F1C7B873-3830-40FD-8666-11AFBECDE1D4}.Release|Any CPU.Build.0 = Release|Any CPU
		{F1C7B873-3830-40FD-8666-11AFBECDE1D4}.Release|x64.ActiveCfg = Release|Any CPU
		{F1C7B873-3830-40FD-8666-11AFBECDE1D4}.Release|x64.Build.0 = Release|Any CPU
		{F1C7B873-3830-40FD-8666-11AFBECDE1D4}.Release|x86.ActiveCfg = Release|Any CPU
		{F1C7B873-3830-40FD-8666-11AFBECDE1D4}.Release|x86.Build.0 = Release|Any CPU
		{FECB7F5A-3C81-42E6-A448-5D35DF936F26}.Debug|Any CPU.ActiveCfg = Debug|Any CPU
		{FECB7F5A-3C81-42E6-A448-5D35DF936F26}.Debug|Any CPU.Build.0 = Debug|Any CPU
		{FECB7F5A-3C81-42E6-A448-5D35DF936F26}.Debug|x64.ActiveCfg = Debug|Any CPU
		{FECB7F5A-3C81-42E6-A448-5D35DF936F26}.Debug|x64.Build.0 = Debug|Any CPU
		{FECB7F5A-3C81-42E6-A448-5D35DF936F26}.Debug|x86.ActiveCfg = Debug|Any CPU
		{FECB7F5A-3C81-42E6-A448-5D35DF936F26}.Debug|x86.Build.0 = Debug|Any CPU
		{FECB7F5A-3C81-42E6-A448-5D35DF936F26}.Release|Any CPU.ActiveCfg = Release|Any CPU
		{FECB7F5A-3C81-42E6-A448-5D35DF936F26}.Release|Any CPU.Build.0 = Release|Any CPU
		{FECB7F5A-3C81-42E6-A448-5D35DF936F26}.Release|x64.ActiveCfg = Release|Any CPU
		{FECB7F5A-3C81-42E6-A448-5D35DF936F26}.Release|x64.Build.0 = Release|Any CPU
		{FECB7F5A-3C81-42E6-A448-5D35DF936F26}.Release|x86.ActiveCfg = Release|Any CPU
		{FECB7F5A-3C81-42E6-A448-5D35DF936F26}.Release|x86.Build.0 = Release|Any CPU
		{7DD81EF5-6BAF-49FA-BB10-092A0BA8AF57}.Debug|Any CPU.ActiveCfg = Debug|Any CPU
		{7DD81EF5-6BAF-49FA-BB10-092A0BA8AF57}.Debug|Any CPU.Build.0 = Debug|Any CPU
		{7DD81EF5-6BAF-49FA-BB10-092A0BA8AF57}.Debug|x64.ActiveCfg = Debug|Any CPU
		{7DD81EF5-6BAF-49FA-BB10-092A0BA8AF57}.Debug|x64.Build.0 = Debug|Any CPU
		{7DD81EF5-6BAF-49FA-BB10-092A0BA8AF57}.Debug|x86.ActiveCfg = Debug|Any CPU
		{7DD81EF5-6BAF-49FA-BB10-092A0BA8AF57}.Debug|x86.Build.0 = Debug|Any CPU
		{7DD81EF5-6BAF-49FA-BB10-092A0BA8AF57}.Release|Any CPU.ActiveCfg = Release|Any CPU
		{7DD81EF5-6BAF-49FA-BB10-092A0BA8AF57}.Release|Any CPU.Build.0 = Release|Any CPU
		{7DD81EF5-6BAF-49FA-BB10-092A0BA8AF57}.Release|x64.ActiveCfg = Release|Any CPU
		{7DD81EF5-6BAF-49FA-BB10-092A0BA8AF57}.Release|x64.Build.0 = Release|Any CPU
		{7DD81EF5-6BAF-49FA-BB10-092A0BA8AF57}.Release|x86.ActiveCfg = Release|Any CPU
		{7DD81EF5-6BAF-49FA-BB10-092A0BA8AF57}.Release|x86.Build.0 = Release|Any CPU
		{C6E3A15E-0FAC-4B2E-9F69-F70937F54929}.Debug|Any CPU.ActiveCfg = Debug|Any CPU
		{C6E3A15E-0FAC-4B2E-9F69-F70937F54929}.Debug|Any CPU.Build.0 = Debug|Any CPU
		{C6E3A15E-0FAC-4B2E-9F69-F70937F54929}.Debug|x64.ActiveCfg = Debug|Any CPU
		{C6E3A15E-0FAC-4B2E-9F69-F70937F54929}.Debug|x64.Build.0 = Debug|Any CPU
		{C6E3A15E-0FAC-4B2E-9F69-F70937F54929}.Debug|x86.ActiveCfg = Debug|Any CPU
		{C6E3A15E-0FAC-4B2E-9F69-F70937F54929}.Debug|x86.Build.0 = Debug|Any CPU
		{C6E3A15E-0FAC-4B2E-9F69-F70937F54929}.Release|Any CPU.ActiveCfg = Release|Any CPU
		{C6E3A15E-0FAC-4B2E-9F69-F70937F54929}.Release|Any CPU.Build.0 = Release|Any CPU
		{C6E3A15E-0FAC-4B2E-9F69-F70937F54929}.Release|x64.ActiveCfg = Release|Any CPU
		{C6E3A15E-0FAC-4B2E-9F69-F70937F54929}.Release|x64.Build.0 = Release|Any CPU
		{C6E3A15E-0FAC-4B2E-9F69-F70937F54929}.Release|x86.ActiveCfg = Release|Any CPU
		{C6E3A15E-0FAC-4B2E-9F69-F70937F54929}.Release|x86.Build.0 = Release|Any CPU
		{86B11A5F-B3F4-44C2-9787-7ACA4B61FB25}.Debug|Any CPU.ActiveCfg = Debug|Any CPU
		{86B11A5F-B3F4-44C2-9787-7ACA4B61FB25}.Debug|Any CPU.Build.0 = Debug|Any CPU
		{86B11A5F-B3F4-44C2-9787-7ACA4B61FB25}.Debug|x64.ActiveCfg = Debug|Any CPU
		{86B11A5F-B3F4-44C2-9787-7ACA4B61FB25}.Debug|x64.Build.0 = Debug|Any CPU
		{86B11A5F-B3F4-44C2-9787-7ACA4B61FB25}.Debug|x86.ActiveCfg = Debug|Any CPU
		{86B11A5F-B3F4-44C2-9787-7ACA4B61FB25}.Debug|x86.Build.0 = Debug|Any CPU
		{86B11A5F-B3F4-44C2-9787-7ACA4B61FB25}.Release|Any CPU.ActiveCfg = Release|Any CPU
		{86B11A5F-B3F4-44C2-9787-7ACA4B61FB25}.Release|Any CPU.Build.0 = Release|Any CPU
		{86B11A5F-B3F4-44C2-9787-7ACA4B61FB25}.Release|x64.ActiveCfg = Release|Any CPU
		{86B11A5F-B3F4-44C2-9787-7ACA4B61FB25}.Release|x64.Build.0 = Release|Any CPU
		{86B11A5F-B3F4-44C2-9787-7ACA4B61FB25}.Release|x86.ActiveCfg = Release|Any CPU
		{86B11A5F-B3F4-44C2-9787-7ACA4B61FB25}.Release|x86.Build.0 = Release|Any CPU
		{C9C4EF75-B239-448E-9F7A-DDC4802FAF23}.Debug|Any CPU.ActiveCfg = Debug|Any CPU
		{C9C4EF75-B239-448E-9F7A-DDC4802FAF23}.Debug|Any CPU.Build.0 = Debug|Any CPU
		{C9C4EF75-B239-448E-9F7A-DDC4802FAF23}.Debug|x64.ActiveCfg = Debug|Any CPU
		{C9C4EF75-B239-448E-9F7A-DDC4802FAF23}.Debug|x64.Build.0 = Debug|Any CPU
		{C9C4EF75-B239-448E-9F7A-DDC4802FAF23}.Debug|x86.ActiveCfg = Debug|Any CPU
		{C9C4EF75-B239-448E-9F7A-DDC4802FAF23}.Debug|x86.Build.0 = Debug|Any CPU
		{C9C4EF75-B239-448E-9F7A-DDC4802FAF23}.Release|Any CPU.ActiveCfg = Release|Any CPU
		{C9C4EF75-B239-448E-9F7A-DDC4802FAF23}.Release|Any CPU.Build.0 = Release|Any CPU
		{C9C4EF75-B239-448E-9F7A-DDC4802FAF23}.Release|x64.ActiveCfg = Release|Any CPU
		{C9C4EF75-B239-448E-9F7A-DDC4802FAF23}.Release|x64.Build.0 = Release|Any CPU
		{C9C4EF75-B239-448E-9F7A-DDC4802FAF23}.Release|x86.ActiveCfg = Release|Any CPU
		{C9C4EF75-B239-448E-9F7A-DDC4802FAF23}.Release|x86.Build.0 = Release|Any CPU
		{43A417EB-5B63-44DB-A2BF-5C45C0CB6F3E}.Debug|Any CPU.ActiveCfg = Debug|Any CPU
		{43A417EB-5B63-44DB-A2BF-5C45C0CB6F3E}.Debug|Any CPU.Build.0 = Debug|Any CPU
		{43A417EB-5B63-44DB-A2BF-5C45C0CB6F3E}.Debug|x64.ActiveCfg = Debug|Any CPU
		{43A417EB-5B63-44DB-A2BF-5C45C0CB6F3E}.Debug|x64.Build.0 = Debug|Any CPU
		{43A417EB-5B63-44DB-A2BF-5C45C0CB6F3E}.Debug|x86.ActiveCfg = Debug|Any CPU
		{43A417EB-5B63-44DB-A2BF-5C45C0CB6F3E}.Debug|x86.Build.0 = Debug|Any CPU
		{43A417EB-5B63-44DB-A2BF-5C45C0CB6F3E}.Release|Any CPU.ActiveCfg = Release|Any CPU
		{43A417EB-5B63-44DB-A2BF-5C45C0CB6F3E}.Release|Any CPU.Build.0 = Release|Any CPU
		{43A417EB-5B63-44DB-A2BF-5C45C0CB6F3E}.Release|x64.ActiveCfg = Release|Any CPU
		{43A417EB-5B63-44DB-A2BF-5C45C0CB6F3E}.Release|x64.Build.0 = Release|Any CPU
		{43A417EB-5B63-44DB-A2BF-5C45C0CB6F3E}.Release|x86.ActiveCfg = Release|Any CPU
		{43A417EB-5B63-44DB-A2BF-5C45C0CB6F3E}.Release|x86.Build.0 = Release|Any CPU
		{1B222F64-1727-4BEC-B7A6-424A4B06558E}.Debug|Any CPU.ActiveCfg = Debug|Any CPU
		{1B222F64-1727-4BEC-B7A6-424A4B06558E}.Debug|Any CPU.Build.0 = Debug|Any CPU
		{1B222F64-1727-4BEC-B7A6-424A4B06558E}.Debug|x64.ActiveCfg = Debug|Any CPU
		{1B222F64-1727-4BEC-B7A6-424A4B06558E}.Debug|x64.Build.0 = Debug|Any CPU
		{1B222F64-1727-4BEC-B7A6-424A4B06558E}.Debug|x86.ActiveCfg = Debug|Any CPU
		{1B222F64-1727-4BEC-B7A6-424A4B06558E}.Debug|x86.Build.0 = Debug|Any CPU
		{1B222F64-1727-4BEC-B7A6-424A4B06558E}.Release|Any CPU.ActiveCfg = Release|Any CPU
		{1B222F64-1727-4BEC-B7A6-424A4B06558E}.Release|Any CPU.Build.0 = Release|Any CPU
		{1B222F64-1727-4BEC-B7A6-424A4B06558E}.Release|x64.ActiveCfg = Release|Any CPU
		{1B222F64-1727-4BEC-B7A6-424A4B06558E}.Release|x64.Build.0 = Release|Any CPU
		{1B222F64-1727-4BEC-B7A6-424A4B06558E}.Release|x86.ActiveCfg = Release|Any CPU
		{1B222F64-1727-4BEC-B7A6-424A4B06558E}.Release|x86.Build.0 = Release|Any CPU
		{051EFA00-0CB8-4C72-8C40-A9ECC46A9FEE}.Debug|Any CPU.ActiveCfg = Debug|Any CPU
		{051EFA00-0CB8-4C72-8C40-A9ECC46A9FEE}.Debug|Any CPU.Build.0 = Debug|Any CPU
		{051EFA00-0CB8-4C72-8C40-A9ECC46A9FEE}.Debug|x64.ActiveCfg = Debug|Any CPU
		{051EFA00-0CB8-4C72-8C40-A9ECC46A9FEE}.Debug|x64.Build.0 = Debug|Any CPU
		{051EFA00-0CB8-4C72-8C40-A9ECC46A9FEE}.Debug|x86.ActiveCfg = Debug|Any CPU
		{051EFA00-0CB8-4C72-8C40-A9ECC46A9FEE}.Debug|x86.Build.0 = Debug|Any CPU
		{051EFA00-0CB8-4C72-8C40-A9ECC46A9FEE}.Release|Any CPU.ActiveCfg = Release|Any CPU
		{051EFA00-0CB8-4C72-8C40-A9ECC46A9FEE}.Release|Any CPU.Build.0 = Release|Any CPU
		{051EFA00-0CB8-4C72-8C40-A9ECC46A9FEE}.Release|x64.ActiveCfg = Release|Any CPU
		{051EFA00-0CB8-4C72-8C40-A9ECC46A9FEE}.Release|x64.Build.0 = Release|Any CPU
		{051EFA00-0CB8-4C72-8C40-A9ECC46A9FEE}.Release|x86.ActiveCfg = Release|Any CPU
		{051EFA00-0CB8-4C72-8C40-A9ECC46A9FEE}.Release|x86.Build.0 = Release|Any CPU
		{D3C0C703-0731-4BC1-BB40-DC48265119BC}.Debug|Any CPU.ActiveCfg = Debug|Any CPU
		{D3C0C703-0731-4BC1-BB40-DC48265119BC}.Debug|Any CPU.Build.0 = Debug|Any CPU
		{D3C0C703-0731-4BC1-BB40-DC48265119BC}.Debug|x64.ActiveCfg = Debug|Any CPU
		{D3C0C703-0731-4BC1-BB40-DC48265119BC}.Debug|x64.Build.0 = Debug|Any CPU
		{D3C0C703-0731-4BC1-BB40-DC48265119BC}.Debug|x86.ActiveCfg = Debug|Any CPU
		{D3C0C703-0731-4BC1-BB40-DC48265119BC}.Debug|x86.Build.0 = Debug|Any CPU
		{D3C0C703-0731-4BC1-BB40-DC48265119BC}.Release|Any CPU.ActiveCfg = Release|Any CPU
		{D3C0C703-0731-4BC1-BB40-DC48265119BC}.Release|Any CPU.Build.0 = Release|Any CPU
		{D3C0C703-0731-4BC1-BB40-DC48265119BC}.Release|x64.ActiveCfg = Release|Any CPU
		{D3C0C703-0731-4BC1-BB40-DC48265119BC}.Release|x64.Build.0 = Release|Any CPU
		{D3C0C703-0731-4BC1-BB40-DC48265119BC}.Release|x86.ActiveCfg = Release|Any CPU
		{D3C0C703-0731-4BC1-BB40-DC48265119BC}.Release|x86.Build.0 = Release|Any CPU
		{F15661F5-C3A7-4254-BC5A-B7F36D1D4781}.Debug|Any CPU.ActiveCfg = Debug|Any CPU
		{F15661F5-C3A7-4254-BC5A-B7F36D1D4781}.Debug|Any CPU.Build.0 = Debug|Any CPU
		{F15661F5-C3A7-4254-BC5A-B7F36D1D4781}.Debug|x64.ActiveCfg = Debug|Any CPU
		{F15661F5-C3A7-4254-BC5A-B7F36D1D4781}.Debug|x64.Build.0 = Debug|Any CPU
		{F15661F5-C3A7-4254-BC5A-B7F36D1D4781}.Debug|x86.ActiveCfg = Debug|Any CPU
		{F15661F5-C3A7-4254-BC5A-B7F36D1D4781}.Debug|x86.Build.0 = Debug|Any CPU
		{F15661F5-C3A7-4254-BC5A-B7F36D1D4781}.Release|Any CPU.ActiveCfg = Release|Any CPU
		{F15661F5-C3A7-4254-BC5A-B7F36D1D4781}.Release|Any CPU.Build.0 = Release|Any CPU
		{F15661F5-C3A7-4254-BC5A-B7F36D1D4781}.Release|x64.ActiveCfg = Release|Any CPU
		{F15661F5-C3A7-4254-BC5A-B7F36D1D4781}.Release|x64.Build.0 = Release|Any CPU
		{F15661F5-C3A7-4254-BC5A-B7F36D1D4781}.Release|x86.ActiveCfg = Release|Any CPU
		{F15661F5-C3A7-4254-BC5A-B7F36D1D4781}.Release|x86.Build.0 = Release|Any CPU
	EndGlobalSection
	GlobalSection(SolutionProperties) = preSolution
		HideSolutionNode = FALSE
	EndGlobalSection
	GlobalSection(NestedProjects) = preSolution
		{A835DFF0-73FC-4353-AD85-620020AC594E} = {827E0CD3-B72D-47B6-A68D-7590B98EB39B}
		{E1D94210-B5F1-44C5-98FB-EF1DE75B44E5} = {827E0CD3-B72D-47B6-A68D-7590B98EB39B}
		{4B903354-7C1A-4354-9A38-1DD083AC8CD8} = {827E0CD3-B72D-47B6-A68D-7590B98EB39B}
		{33AF432D-5EB4-456A-B85B-AAA286C32122} = {827E0CD3-B72D-47B6-A68D-7590B98EB39B}
		{2E004F26-B49E-4B60-87ED-54A0FC8D4370} = {827E0CD3-B72D-47B6-A68D-7590B98EB39B}
		{EC447DCF-ABFA-6E24-52A5-D7FD48A5C558} = {827E0CD3-B72D-47B6-A68D-7590B98EB39B}
		{E9D55F35-C373-3DD8-6914-3213F2F582A2} = {EC447DCF-ABFA-6E24-52A5-D7FD48A5C558}
		{C56F37DD-CA77-453B-B30E-EED0862D2AE3} = {E9D55F35-C373-3DD8-6914-3213F2F582A2}
		{721A3DF5-8F42-41E5-B0EE-FF7D56E13A8C} = {E9D55F35-C373-3DD8-6914-3213F2F582A2}
		{0EC62A1A-9858-3A60-8A0C-FC9AACFA2EC7} = {EC447DCF-ABFA-6E24-52A5-D7FD48A5C558}
		{8DDF7F4C-EE53-4DD0-BDDB-518403D1D282} = {0EC62A1A-9858-3A60-8A0C-FC9AACFA2EC7}
		{34254C92-0D25-4EE4-80ED-3E848AB6EB20} = {0EC62A1A-9858-3A60-8A0C-FC9AACFA2EC7}
		{F6461D39-B20E-4C85-8F54-997C838872E9} = {0EC62A1A-9858-3A60-8A0C-FC9AACFA2EC7}
		{F1C7B873-3830-40FD-8666-11AFBECDE1D4} = {0EC62A1A-9858-3A60-8A0C-FC9AACFA2EC7}
		{FECB7F5A-3C81-42E6-A448-5D35DF936F26} = {0EC62A1A-9858-3A60-8A0C-FC9AACFA2EC7}
		{9D973994-EF44-3398-7459-22935A3530AC} = {EC447DCF-ABFA-6E24-52A5-D7FD48A5C558}
		{7DD81EF5-6BAF-49FA-BB10-092A0BA8AF57} = {9D973994-EF44-3398-7459-22935A3530AC}
		{C6E3A15E-0FAC-4B2E-9F69-F70937F54929} = {9D973994-EF44-3398-7459-22935A3530AC}
		{86B11A5F-B3F4-44C2-9787-7ACA4B61FB25} = {9D973994-EF44-3398-7459-22935A3530AC}
		{C9C4EF75-B239-448E-9F7A-DDC4802FAF23} = {0AB3BF05-4346-4AA6-1389-037BE0695223}
		{DA86F2F4-AF0B-0473-D65F-CC75E97351B1} = {EC447DCF-ABFA-6E24-52A5-D7FD48A5C558}
		{43A417EB-5B63-44DB-A2BF-5C45C0CB6F3E} = {DA86F2F4-AF0B-0473-D65F-CC75E97351B1}
		{1B222F64-1727-4BEC-B7A6-424A4B06558E} = {DA86F2F4-AF0B-0473-D65F-CC75E97351B1}
		{051EFA00-0CB8-4C72-8C40-A9ECC46A9FEE} = {DA86F2F4-AF0B-0473-D65F-CC75E97351B1}
		{D3C0C703-0731-4BC1-BB40-DC48265119BC} = {DA86F2F4-AF0B-0473-D65F-CC75E97351B1}
		{F15661F5-C3A7-4254-BC5A-B7F36D1D4781} = {DA86F2F4-AF0B-0473-D65F-CC75E97351B1}
	EndGlobalSection
EndGlobal
