
Microsoft Visual Studio Solution File, Format Version 12.00
# Visual Studio Version 17
VisualStudioVersion = 17.0.31903.59
MinimumVisualStudioVersion = 10.0.40219.1
Project("{2150E333-8FDC-42A3-9474-1A3956D46DE8}") = "src", "src", "{827E0CD3-B72D-47B6-A68D-7590B98EB39B}"
EndProject
Project("{FAE04EC0-301F-11D3-BF4B-00C04F79EFBC}") = "ModuliX.API", "src\ModuliX.API\ModuliX.API.csproj", "{A835DFF0-73FC-4353-AD85-620020AC594E}"
EndProject
Project("{FAE04EC0-301F-11D3-BF4B-00C04F79EFBC}") = "ModuliX.Gateway", "src\ModuliX.Gateway\ModuliX.Gateway.csproj", "{E1D94210-B5F1-44C5-98FB-EF1DE75B44E5}"
EndProject
Project("{FAE04EC0-301F-11D3-BF4B-00C04F79EFBC}") = "ModuliX.Host", "src\ModuliX.Host\ModuliX.Host.csproj", "{4B903354-7C1A-4354-9A38-1DD083AC8CD8}"
EndProject
Project("{FAE04EC0-301F-11D3-BF4B-00C04F79EFBC}") = "ModuliX.SharedKernel", "src\ModuliX.SharedKernel\ModuliX.SharedKernel.csproj", "{33AF432D-5EB4-456A-B85B-AAA286C32122}"
EndProject
Project("{FAE04EC0-301F-11D3-BF4B-00C04F79EFBC}") = "ModuliX.BuildingBlocks", "src\ModuliX.BuildingBlocks\ModuliX.BuildingBlocks.csproj", "{2E004F26-B49E-4B60-87ED-54A0FC8D4370}"
EndProject
Project("{2150E333-8FDC-42A3-9474-1A3956D46DE8}") = "Modules", "Modules", "{EC447DCF-ABFA-6E24-52A5-D7FD48A5C558}"
EndProject
Project("{2150E333-8FDC-42A3-9474-1A3956D46DE8}") = "Auth", "Auth", "{E9D55F35-C373-3DD8-6914-3213F2F582A2}"
EndProject
Project("{FAE04EC0-301F-11D3-BF4B-00C04F79EFBC}") = "ModuliX.Auth.API", "src\Modules\Auth\ModuliX.Auth.API\ModuliX.Auth.API.csproj", "{C56F37DD-CA77-453B-B30E-EED0862D2AE3}"
EndProject
Project("{FAE04EC0-301F-11D3-BF4B-00C04F79EFBC}") = "ModuliX.Auth.Application", "src\Modules\Auth\ModuliX.Auth.Application\ModuliX.Auth.Application.csproj", "{721A3DF5-8F42-41E5-B0EE-FF7D56E13A8C}"
EndProject
Project("{FAE04EC0-301F-11D3-BF4B-00C04F79EFBC}") = "ModuliX.Auth.Domain", "src\Modules\Auth\ModuliX.Auth.Domain\ModuliX.Auth.Domain.csproj", "{BFCD2BEE-884B-4E28-B687-AB3C67D1949F}"
EndProject
Project("{FAE04EC0-301F-11D3-BF4B-00C04F79EFBC}") = "ModuliX.Auth.Infrastructure", "src\Modules\Auth\ModuliX.Auth.Infrastructure\ModuliX.Auth.Infrastructure.csproj", "{ABF86316-A75E-4F8B-90DE-4D3922A013DB}"
EndProject
Project("{FAE04EC0-301F-11D3-BF4B-00C04F79EFBC}") = "ModuliX.Auth.Persistence", "src\Modules\Auth\ModuliX.Auth.Persistence\ModuliX.Auth.Persistence.csproj", "{C52BDC39-69B9-4C52-B10A-7122EFA4A38A}"
EndProject
Global
	GlobalSection(SolutionConfigurationPlatforms) = preSolution
		Debug|Any CPU = Debug|Any CPU
		Debug|x64 = Debug|x64
		Debug|x86 = Debug|x86
		Release|Any CPU = Release|Any CPU
		Release|x64 = Release|x64
		Release|x86 = Release|x86
	EndGlobalSection
	GlobalSection(ProjectConfigurationPlatforms) = postSolution
		{A835DFF0-73FC-4353-AD85-620020AC594E}.Debug|Any CPU.ActiveCfg = Debug|Any CPU
		{A835DFF0-73FC-4353-AD85-620020AC594E}.Debug|Any CPU.Build.0 = Debug|Any CPU
		{A835DFF0-73FC-4353-AD85-620020AC594E}.Debug|x64.ActiveCfg = Debug|Any CPU
		{A835DFF0-73FC-4353-AD85-620020AC594E}.Debug|x64.Build.0 = Debug|Any CPU
		{A835DFF0-73FC-4353-AD85-620020AC594E}.Debug|x86.ActiveCfg = Debug|Any CPU
		{A835DFF0-73FC-4353-AD85-620020AC594E}.Debug|x86.Build.0 = Debug|Any CPU
		{A835DFF0-73FC-4353-AD85-620020AC594E}.Release|Any CPU.ActiveCfg = Release|Any CPU
		{A835DFF0-73FC-4353-AD85-620020AC594E}.Release|Any CPU.Build.0 = Release|Any CPU
		{A835DFF0-73FC-4353-AD85-620020AC594E}.Release|x64.ActiveCfg = Release|Any CPU
		{A835DFF0-73FC-4353-AD85-620020AC594E}.Release|x64.Build.0 = Release|Any CPU
		{A835DFF0-73FC-4353-AD85-620020AC594E}.Release|x86.ActiveCfg = Release|Any CPU
		{A835DFF0-73FC-4353-AD85-620020AC594E}.Release|x86.Build.0 = Release|Any CPU
		{E1D94210-B5F1-44C5-98FB-EF1DE75B44E5}.Debug|Any CPU.ActiveCfg = Debug|Any CPU
		{E1D94210-B5F1-44C5-98FB-EF1DE75B44E5}.Debug|Any CPU.Build.0 = Debug|Any CPU
		{E1D94210-B5F1-44C5-98FB-EF1DE75B44E5}.Debug|x64.ActiveCfg = Debug|Any CPU
		{E1D94210-B5F1-44C5-98FB-EF1DE75B44E5}.Debug|x64.Build.0 = Debug|Any CPU
		{E1D94210-B5F1-44C5-98FB-EF1DE75B44E5}.Debug|x86.ActiveCfg = Debug|Any CPU
		{E1D94210-B5F1-44C5-98FB-EF1DE75B44E5}.Debug|x86.Build.0 = Debug|Any CPU
		{E1D94210-B5F1-44C5-98FB-EF1DE75B44E5}.Release|Any CPU.ActiveCfg = Release|Any CPU
		{E1D94210-B5F1-44C5-98FB-EF1DE75B44E5}.Release|Any CPU.Build.0 = Release|Any CPU
		{E1D94210-B5F1-44C5-98FB-EF1DE75B44E5}.Release|x64.ActiveCfg = Release|Any CPU
		{E1D94210-B5F1-44C5-98FB-EF1DE75B44E5}.Release|x64.Build.0 = Release|Any CPU
		{E1D94210-B5F1-44C5-98FB-EF1DE75B44E5}.Release|x86.ActiveCfg = Release|Any CPU
		{E1D94210-B5F1-44C5-98FB-EF1DE75B44E5}.Release|x86.Build.0 = Release|Any CPU
		{4B903354-7C1A-4354-9A38-1DD083AC8CD8}.Debug|Any CPU.ActiveCfg = Debug|Any CPU
		{4B903354-7C1A-4354-9A38-1DD083AC8CD8}.Debug|Any CPU.Build.0 = Debug|Any CPU
		{4B903354-7C1A-4354-9A38-1DD083AC8CD8}.Debug|x64.ActiveCfg = Debug|Any CPU
		{4B903354-7C1A-4354-9A38-1DD083AC8CD8}.Debug|x64.Build.0 = Debug|Any CPU
		{4B903354-7C1A-4354-9A38-1DD083AC8CD8}.Debug|x86.ActiveCfg = Debug|Any CPU
		{4B903354-7C1A-4354-9A38-1DD083AC8CD8}.Debug|x86.Build.0 = Debug|Any CPU
		{4B903354-7C1A-4354-9A38-1DD083AC8CD8}.Release|Any CPU.ActiveCfg = Release|Any CPU
		{4B903354-7C1A-4354-9A38-1DD083AC8CD8}.Release|Any CPU.Build.0 = Release|Any CPU
		{4B903354-7C1A-4354-9A38-1DD083AC8CD8}.Release|x64.ActiveCfg = Release|Any CPU
		{4B903354-7C1A-4354-9A38-1DD083AC8CD8}.Release|x64.Build.0 = Release|Any CPU
		{4B903354-7C1A-4354-9A38-1DD083AC8CD8}.Release|x86.ActiveCfg = Release|Any CPU
		{4B903354-7C1A-4354-9A38-1DD083AC8CD8}.Release|x86.Build.0 = Release|Any CPU
		{33AF432D-5EB4-456A-B85B-AAA286C32122}.Debug|Any CPU.ActiveCfg = Debug|Any CPU
		{33AF432D-5EB4-456A-B85B-AAA286C32122}.Debug|Any CPU.Build.0 = Debug|Any CPU
		{33AF432D-5EB4-456A-B85B-AAA286C32122}.Debug|x64.ActiveCfg = Debug|Any CPU
		{33AF432D-5EB4-456A-B85B-AAA286C32122}.Debug|x64.Build.0 = Debug|Any CPU
		{33AF432D-5EB4-456A-B85B-AAA286C32122}.Debug|x86.ActiveCfg = Debug|Any CPU
		{33AF432D-5EB4-456A-B85B-AAA286C32122}.Debug|x86.Build.0 = Debug|Any CPU
		{33AF432D-5EB4-456A-B85B-AAA286C32122}.Release|Any CPU.ActiveCfg = Release|Any CPU
		{33AF432D-5EB4-456A-B85B-AAA286C32122}.Release|Any CPU.Build.0 = Release|Any CPU
		{33AF432D-5EB4-456A-B85B-AAA286C32122}.Release|x64.ActiveCfg = Release|Any CPU
		{33AF432D-5EB4-456A-B85B-AAA286C32122}.Release|x64.Build.0 = Release|Any CPU
		{33AF432D-5EB4-456A-B85B-AAA286C32122}.Release|x86.ActiveCfg = Release|Any CPU
		{33AF432D-5EB4-456A-B85B-AAA286C32122}.Release|x86.Build.0 = Release|Any CPU
		{2E004F26-B49E-4B60-87ED-54A0FC8D4370}.Debug|Any CPU.ActiveCfg = Debug|Any CPU
		{2E004F26-B49E-4B60-87ED-54A0FC8D4370}.Debug|Any CPU.Build.0 = Debug|Any CPU
		{2E004F26-B49E-4B60-87ED-54A0FC8D4370}.Debug|x64.ActiveCfg = Debug|Any CPU
		{2E004F26-B49E-4B60-87ED-54A0FC8D4370}.Debug|x64.Build.0 = Debug|Any CPU
		{2E004F26-B49E-4B60-87ED-54A0FC8D4370}.Debug|x86.ActiveCfg = Debug|Any CPU
		{2E004F26-B49E-4B60-87ED-54A0FC8D4370}.Debug|x86.Build.0 = Debug|Any CPU
		{2E004F26-B49E-4B60-87ED-54A0FC8D4370}.Release|Any CPU.ActiveCfg = Release|Any CPU
		{2E004F26-B49E-4B60-87ED-54A0FC8D4370}.Release|Any CPU.Build.0 = Release|Any CPU
		{2E004F26-B49E-4B60-87ED-54A0FC8D4370}.Release|x64.ActiveCfg = Release|Any CPU
		{2E004F26-B49E-4B60-87ED-54A0FC8D4370}.Release|x64.Build.0 = Release|Any CPU
		{2E004F26-B49E-4B60-87ED-54A0FC8D4370}.Release|x86.ActiveCfg = Release|Any CPU
		{2E004F26-B49E-4B60-87ED-54A0FC8D4370}.Release|x86.Build.0 = Release|Any CPU
		{C56F37DD-CA77-453B-B30E-EED0862D2AE3}.Debug|Any CPU.ActiveCfg = Debug|Any CPU
		{C56F37DD-CA77-453B-B30E-EED0862D2AE3}.Debug|Any CPU.Build.0 = Debug|Any CPU
		{C56F37DD-CA77-453B-B30E-EED0862D2AE3}.Debug|x64.ActiveCfg = Debug|Any CPU
		{C56F37DD-CA77-453B-B30E-EED0862D2AE3}.Debug|x64.Build.0 = Debug|Any CPU
		{C56F37DD-CA77-453B-B30E-EED0862D2AE3}.Debug|x86.ActiveCfg = Debug|Any CPU
		{C56F37DD-CA77-453B-B30E-EED0862D2AE3}.Debug|x86.Build.0 = Debug|Any CPU
		{C56F37DD-CA77-453B-B30E-EED0862D2AE3}.Release|Any CPU.ActiveCfg = Release|Any CPU
		{C56F37DD-CA77-453B-B30E-EED0862D2AE3}.Release|Any CPU.Build.0 = Release|Any CPU
		{C56F37DD-CA77-453B-B30E-EED0862D2AE3}.Release|x64.ActiveCfg = Release|Any CPU
		{C56F37DD-CA77-453B-B30E-EED0862D2AE3}.Release|x64.Build.0 = Release|Any CPU
		{C56F37DD-CA77-453B-B30E-EED0862D2AE3}.Release|x86.ActiveCfg = Release|Any CPU
		{C56F37DD-CA77-453B-B30E-EED0862D2AE3}.Release|x86.Build.0 = Release|Any CPU
		{721A3DF5-8F42-41E5-B0EE-FF7D56E13A8C}.Debug|Any CPU.ActiveCfg = Debug|Any CPU
		{721A3DF5-8F42-41E5-B0EE-FF7D56E13A8C}.Debug|Any CPU.Build.0 = Debug|Any CPU
		{721A3DF5-8F42-41E5-B0EE-FF7D56E13A8C}.Debug|x64.ActiveCfg = Debug|Any CPU
		{721A3DF5-8F42-41E5-B0EE-FF7D56E13A8C}.Debug|x64.Build.0 = Debug|Any CPU
		{721A3DF5-8F42-41E5-B0EE-FF7D56E13A8C}.Debug|x86.ActiveCfg = Debug|Any CPU
		{721A3DF5-8F42-41E5-B0EE-FF7D56E13A8C}.Debug|x86.Build.0 = Debug|Any CPU
		{721A3DF5-8F42-41E5-B0EE-FF7D56E13A8C}.Release|Any CPU.ActiveCfg = Release|Any CPU
		{721A3DF5-8F42-41E5-B0EE-FF7D56E13A8C}.Release|Any CPU.Build.0 = Release|Any CPU
		{721A3DF5-8F42-41E5-B0EE-FF7D56E13A8C}.Release|x64.ActiveCfg = Release|Any CPU
		{721A3DF5-8F42-41E5-B0EE-FF7D56E13A8C}.Release|x64.Build.0 = Release|Any CPU
		{721A3DF5-8F42-41E5-B0EE-FF7D56E13A8C}.Release|x86.ActiveCfg = Release|Any CPU
		{721A3DF5-8F42-41E5-B0EE-FF7D56E13A8C}.Release|x86.Build.0 = Release|Any CPU
		{BFCD2BEE-884B-4E28-B687-AB3C67D1949F}.Debug|Any CPU.ActiveCfg = Debug|Any CPU
		{BFCD2BEE-884B-4E28-B687-AB3C67D1949F}.Debug|Any CPU.Build.0 = Debug|Any CPU
		{BFCD2BEE-884B-4E28-B687-AB3C67D1949F}.Debug|x64.ActiveCfg = Debug|Any CPU
		{BFCD2BEE-884B-4E28-B687-AB3C67D1949F}.Debug|x64.Build.0 = Debug|Any CPU
		{BFCD2BEE-884B-4E28-B687-AB3C67D1949F}.Debug|x86.ActiveCfg = Debug|Any CPU
		{BFCD2BEE-884B-4E28-B687-AB3C67D1949F}.Debug|x86.Build.0 = Debug|Any CPU
		{BFCD2BEE-884B-4E28-B687-AB3C67D1949F}.Release|Any CPU.ActiveCfg = Release|Any CPU
		{BFCD2BEE-884B-4E28-B687-AB3C67D1949F}.Release|Any CPU.Build.0 = Release|Any CPU
		{BFCD2BEE-884B-4E28-B687-AB3C67D1949F}.Release|x64.ActiveCfg = Release|Any CPU
		{BFCD2BEE-884B-4E28-B687-AB3C67D1949F}.Release|x64.Build.0 = Release|Any CPU
		{BFCD2BEE-884B-4E28-B687-AB3C67D1949F}.Release|x86.ActiveCfg = Release|Any CPU
		{BFCD2BEE-884B-4E28-B687-AB3C67D1949F}.Release|x86.Build.0 = Release|Any CPU
		{ABF86316-A75E-4F8B-90DE-4D3922A013DB}.Debug|Any CPU.ActiveCfg = Debug|Any CPU
		{ABF86316-A75E-4F8B-90DE-4D3922A013DB}.Debug|Any CPU.Build.0 = Debug|Any CPU
		{ABF86316-A75E-4F8B-90DE-4D3922A013DB}.Debug|x64.ActiveCfg = Debug|Any CPU
		{ABF86316-A75E-4F8B-90DE-4D3922A013DB}.Debug|x64.Build.0 = Debug|Any CPU
		{ABF86316-A75E-4F8B-90DE-4D3922A013DB}.Debug|x86.ActiveCfg = Debug|Any CPU
		{ABF86316-A75E-4F8B-90DE-4D3922A013DB}.Debug|x86.Build.0 = Debug|Any CPU
		{ABF86316-A75E-4F8B-90DE-4D3922A013DB}.Release|Any CPU.ActiveCfg = Release|Any CPU
		{ABF86316-A75E-4F8B-90DE-4D3922A013DB}.Release|Any CPU.Build.0 = Release|Any CPU
		{ABF86316-A75E-4F8B-90DE-4D3922A013DB}.Release|x64.ActiveCfg = Release|Any CPU
		{ABF86316-A75E-4F8B-90DE-4D3922A013DB}.Release|x64.Build.0 = Release|Any CPU
		{ABF86316-A75E-4F8B-90DE-4D3922A013DB}.Release|x86.ActiveCfg = Release|Any CPU
		{ABF86316-A75E-4F8B-90DE-4D3922A013DB}.Release|x86.Build.0 = Release|Any CPU
		{C52BDC39-69B9-4C52-B10A-7122EFA4A38A}.Debug|Any CPU.ActiveCfg = Debug|Any CPU
		{C52BDC39-69B9-4C52-B10A-7122EFA4A38A}.Debug|Any CPU.Build.0 = Debug|Any CPU
		{C52BDC39-69B9-4C52-B10A-7122EFA4A38A}.Debug|x64.ActiveCfg = Debug|Any CPU
		{C52BDC39-69B9-4C52-B10A-7122EFA4A38A}.Debug|x64.Build.0 = Debug|Any CPU
		{C52BDC39-69B9-4C52-B10A-7122EFA4A38A}.Debug|x86.ActiveCfg = Debug|Any CPU
		{C52BDC39-69B9-4C52-B10A-7122EFA4A38A}.Debug|x86.Build.0 = Debug|Any CPU
		{C52BDC39-69B9-4C52-B10A-7122EFA4A38A}.Release|Any CPU.ActiveCfg = Release|Any CPU
		{C52BDC39-69B9-4C52-B10A-7122EFA4A38A}.Release|Any CPU.Build.0 = Release|Any CPU
		{C52BDC39-69B9-4C52-B10A-7122EFA4A38A}.Release|x64.ActiveCfg = Release|Any CPU
		{C52BDC39-69B9-4C52-B10A-7122EFA4A38A}.Release|x64.Build.0 = Release|Any CPU
		{C52BDC39-69B9-4C52-B10A-7122EFA4A38A}.Release|x86.ActiveCfg = Release|Any CPU
		{C52BDC39-69B9-4C52-B10A-7122EFA4A38A}.Release|x86.Build.0 = Release|Any CPU
	EndGlobalSection
	GlobalSection(SolutionProperties) = preSolution
		HideSolutionNode = FALSE
	EndGlobalSection
	GlobalSection(NestedProjects) = preSolution
		{A835DFF0-73FC-4353-AD85-620020AC594E} = {827E0CD3-B72D-47B6-A68D-7590B98EB39B}
		{E1D94210-B5F1-44C5-98FB-EF1DE75B44E5} = {827E0CD3-B72D-47B6-A68D-7590B98EB39B}
		{4B903354-7C1A-4354-9A38-1DD083AC8CD8} = {827E0CD3-B72D-47B6-A68D-7590B98EB39B}
		{33AF432D-5EB4-456A-B85B-AAA286C32122} = {827E0CD3-B72D-47B6-A68D-7590B98EB39B}
		{2E004F26-B49E-4B60-87ED-54A0FC8D4370} = {827E0CD3-B72D-47B6-A68D-7590B98EB39B}
		{EC447DCF-ABFA-6E24-52A5-D7FD48A5C558} = {827E0CD3-B72D-47B6-A68D-7590B98EB39B}
		{E9D55F35-C373-3DD8-6914-3213F2F582A2} = {EC447DCF-ABFA-6E24-52A5-D7FD48A5C558}
		{C56F37DD-CA77-453B-B30E-EED0862D2AE3} = {E9D55F35-C373-3DD8-6914-3213F2F582A2}
		{721A3DF5-8F42-41E5-B0EE-FF7D56E13A8C} = {E9D55F35-C373-3DD8-6914-3213F2F582A2}
		{BFCD2BEE-884B-4E28-B687-AB3C67D1949F} = {E9D55F35-C373-3DD8-6914-3213F2F582A2}
		{ABF86316-A75E-4F8B-90DE-4D3922A013DB} = {E9D55F35-C373-3DD8-6914-3213F2F582A2}
		{C52BDC39-69B9-4C52-B10A-7122EFA4A38A} = {E9D55F35-C373-3DD8-6914-3213F2F582A2}
	EndGlobalSection
EndGlobal
